# This file is automatically @generated by Poetry 1.7.1 and should not be changed by hand.

[[package]]
name = "asgiref"
version = "3.7.2"
description = "ASGI specs, helper code, and adapters"
optional = false
python-versions = ">=3.7"
files = [
    {file = "asgiref-3.7.2-py3-none-any.whl", hash = "sha256:89b2ef2247e3b562a16eef663bc0e2e703ec6468e2fa8a5cd61cd449786d4f6e"},
    {file = "asgiref-3.7.2.tar.gz", hash = "sha256:9e0ce3aa93a819ba5b45120216b23878cf6e8525eb3848653452b4192b92afed"},
]

[package.dependencies]
typing-extensions = {version = ">=4", markers = "python_version < \"3.11\""}

[package.extras]
tests = ["mypy (>=0.800)", "pytest", "pytest-asyncio"]

[[package]]
name = "cachetools"
version = "5.3.2"
description = "Extensible memoizing collections and decorators"
optional = false
python-versions = ">=3.7"
files = [
    {file = "cachetools-5.3.2-py3-none-any.whl", hash = "sha256:861f35a13a451f94e301ce2bec7cac63e881232ccce7ed67fab9b5df4d3beaa1"},
    {file = "cachetools-5.3.2.tar.gz", hash = "sha256:086ee420196f7b2ab9ca2db2520aca326318b68fe5ba8bc4d49cca91add450f2"},
]

[[package]]
name = "chardet"
version = "5.2.0"
description = "Universal encoding detector for Python 3"
optional = false
python-versions = ">=3.7"
files = [
    {file = "chardet-5.2.0-py3-none-any.whl", hash = "sha256:e1cf59446890a00105fe7b7912492ea04b6e6f06d4b742b2c788469e34c82970"},
    {file = "chardet-5.2.0.tar.gz", hash = "sha256:1b3b6ff479a8c414bc3fa2c0852995695c4a026dcd6d0633b2dd092ca39c1cf7"},
]

[[package]]
name = "colorama"
version = "0.4.6"
description = "Cross-platform colored terminal text."
optional = false
python-versions = "!=3.0.*,!=3.1.*,!=3.2.*,!=3.3.*,!=3.4.*,!=3.5.*,!=3.6.*,>=2.7"
files = [
    {file = "colorama-0.4.6-py2.py3-none-any.whl", hash = "sha256:4f1d9991f5acc0ca119f9d443620b77f9d6b33703e51011c16baf57afb285fc6"},
    {file = "colorama-0.4.6.tar.gz", hash = "sha256:08695f5cb7ed6e0531a20572697297273c47b8cae5a63ffc6d6ed5c201be6e44"},
]

[[package]]
name = "coverage"
version = "7.4.0"
description = "Code coverage measurement for Python"
optional = false
python-versions = ">=3.8"
files = [
    {file = "coverage-7.4.0-cp310-cp310-macosx_10_9_x86_64.whl", hash = "sha256:36b0ea8ab20d6a7564e89cb6135920bc9188fb5f1f7152e94e8300b7b189441a"},
    {file = "coverage-7.4.0-cp310-cp310-macosx_11_0_arm64.whl", hash = "sha256:0676cd0ba581e514b7f726495ea75aba3eb20899d824636c6f59b0ed2f88c471"},
    {file = "coverage-7.4.0-cp310-cp310-manylinux_2_17_aarch64.manylinux2014_aarch64.whl", hash = "sha256:d0ca5c71a5a1765a0f8f88022c52b6b8be740e512980362f7fdbb03725a0d6b9"},
    {file = "coverage-7.4.0-cp310-cp310-manylinux_2_5_i686.manylinux1_i686.manylinux_2_17_i686.manylinux2014_i686.whl", hash = "sha256:a7c97726520f784239f6c62506bc70e48d01ae71e9da128259d61ca5e9788516"},
    {file = "coverage-7.4.0-cp310-cp310-manylinux_2_5_x86_64.manylinux1_x86_64.manylinux_2_17_x86_64.manylinux2014_x86_64.whl", hash = "sha256:815ac2d0f3398a14286dc2cea223a6f338109f9ecf39a71160cd1628786bc6f5"},
    {file = "coverage-7.4.0-cp310-cp310-musllinux_1_1_aarch64.whl", hash = "sha256:80b5ee39b7f0131ebec7968baa9b2309eddb35b8403d1869e08f024efd883566"},
    {file = "coverage-7.4.0-cp310-cp310-musllinux_1_1_i686.whl", hash = "sha256:5b2ccb7548a0b65974860a78c9ffe1173cfb5877460e5a229238d985565574ae"},
    {file = "coverage-7.4.0-cp310-cp310-musllinux_1_1_x86_64.whl", hash = "sha256:995ea5c48c4ebfd898eacb098164b3cc826ba273b3049e4a889658548e321b43"},
    {file = "coverage-7.4.0-cp310-cp310-win32.whl", hash = "sha256:79287fd95585ed36e83182794a57a46aeae0b64ca53929d1176db56aacc83451"},
    {file = "coverage-7.4.0-cp310-cp310-win_amd64.whl", hash = "sha256:5b14b4f8760006bfdb6e08667af7bc2d8d9bfdb648351915315ea17645347137"},
    {file = "coverage-7.4.0-cp311-cp311-macosx_10_9_x86_64.whl", hash = "sha256:04387a4a6ecb330c1878907ce0dc04078ea72a869263e53c72a1ba5bbdf380ca"},
    {file = "coverage-7.4.0-cp311-cp311-macosx_11_0_arm64.whl", hash = "sha256:ea81d8f9691bb53f4fb4db603203029643caffc82bf998ab5b59ca05560f4c06"},
    {file = "coverage-7.4.0-cp311-cp311-manylinux_2_17_aarch64.manylinux2014_aarch64.whl", hash = "sha256:74775198b702868ec2d058cb92720a3c5a9177296f75bd97317c787daf711505"},
    {file = "coverage-7.4.0-cp311-cp311-manylinux_2_5_i686.manylinux1_i686.manylinux_2_17_i686.manylinux2014_i686.whl", hash = "sha256:76f03940f9973bfaee8cfba70ac991825611b9aac047e5c80d499a44079ec0bc"},
    {file = "coverage-7.4.0-cp311-cp311-manylinux_2_5_x86_64.manylinux1_x86_64.manylinux_2_17_x86_64.manylinux2014_x86_64.whl", hash = "sha256:485e9f897cf4856a65a57c7f6ea3dc0d4e6c076c87311d4bc003f82cfe199d25"},
    {file = "coverage-7.4.0-cp311-cp311-musllinux_1_1_aarch64.whl", hash = "sha256:6ae8c9d301207e6856865867d762a4b6fd379c714fcc0607a84b92ee63feff70"},
    {file = "coverage-7.4.0-cp311-cp311-musllinux_1_1_i686.whl", hash = "sha256:bf477c355274a72435ceb140dc42de0dc1e1e0bf6e97195be30487d8eaaf1a09"},
    {file = "coverage-7.4.0-cp311-cp311-musllinux_1_1_x86_64.whl", hash = "sha256:83c2dda2666fe32332f8e87481eed056c8b4d163fe18ecc690b02802d36a4d26"},
    {file = "coverage-7.4.0-cp311-cp311-win32.whl", hash = "sha256:697d1317e5290a313ef0d369650cfee1a114abb6021fa239ca12b4849ebbd614"},
    {file = "coverage-7.4.0-cp311-cp311-win_amd64.whl", hash = "sha256:26776ff6c711d9d835557ee453082025d871e30b3fd6c27fcef14733f67f0590"},
    {file = "coverage-7.4.0-cp312-cp312-macosx_10_9_x86_64.whl", hash = "sha256:13eaf476ec3e883fe3e5fe3707caeb88268a06284484a3daf8250259ef1ba143"},
    {file = "coverage-7.4.0-cp312-cp312-macosx_11_0_arm64.whl", hash = "sha256:846f52f46e212affb5bcf131c952fb4075b55aae6b61adc9856222df89cbe3e2"},
    {file = "coverage-7.4.0-cp312-cp312-manylinux_2_17_aarch64.manylinux2014_aarch64.whl", hash = "sha256:26f66da8695719ccf90e794ed567a1549bb2644a706b41e9f6eae6816b398c4a"},
    {file = "coverage-7.4.0-cp312-cp312-manylinux_2_5_i686.manylinux1_i686.manylinux_2_17_i686.manylinux2014_i686.whl", hash = "sha256:164fdcc3246c69a6526a59b744b62e303039a81e42cfbbdc171c91a8cc2f9446"},
    {file = "coverage-7.4.0-cp312-cp312-manylinux_2_5_x86_64.manylinux1_x86_64.manylinux_2_17_x86_64.manylinux2014_x86_64.whl", hash = "sha256:316543f71025a6565677d84bc4df2114e9b6a615aa39fb165d697dba06a54af9"},
    {file = "coverage-7.4.0-cp312-cp312-musllinux_1_1_aarch64.whl", hash = "sha256:bb1de682da0b824411e00a0d4da5a784ec6496b6850fdf8c865c1d68c0e318dd"},
    {file = "coverage-7.4.0-cp312-cp312-musllinux_1_1_i686.whl", hash = "sha256:0e8d06778e8fbffccfe96331a3946237f87b1e1d359d7fbe8b06b96c95a5407a"},
    {file = "coverage-7.4.0-cp312-cp312-musllinux_1_1_x86_64.whl", hash = "sha256:a56de34db7b7ff77056a37aedded01b2b98b508227d2d0979d373a9b5d353daa"},
    {file = "coverage-7.4.0-cp312-cp312-win32.whl", hash = "sha256:51456e6fa099a8d9d91497202d9563a320513fcf59f33991b0661a4a6f2ad450"},
    {file = "coverage-7.4.0-cp312-cp312-win_amd64.whl", hash = "sha256:cd3c1e4cb2ff0083758f09be0f77402e1bdf704adb7f89108007300a6da587d0"},
    {file = "coverage-7.4.0-cp38-cp38-macosx_10_9_x86_64.whl", hash = "sha256:e9d1bf53c4c8de58d22e0e956a79a5b37f754ed1ffdbf1a260d9dcfa2d8a325e"},
    {file = "coverage-7.4.0-cp38-cp38-macosx_11_0_arm64.whl", hash = "sha256:109f5985182b6b81fe33323ab4707011875198c41964f014579cf82cebf2bb85"},
    {file = "coverage-7.4.0-cp38-cp38-manylinux_2_17_aarch64.manylinux2014_aarch64.whl", hash = "sha256:3cc9d4bc55de8003663ec94c2f215d12d42ceea128da8f0f4036235a119c88ac"},
    {file = "coverage-7.4.0-cp38-cp38-manylinux_2_5_i686.manylinux1_i686.manylinux_2_17_i686.manylinux2014_i686.whl", hash = "sha256:cc6d65b21c219ec2072c1293c505cf36e4e913a3f936d80028993dd73c7906b1"},
    {file = "coverage-7.4.0-cp38-cp38-manylinux_2_5_x86_64.manylinux1_x86_64.manylinux_2_17_x86_64.manylinux2014_x86_64.whl", hash = "sha256:5a10a4920def78bbfff4eff8a05c51be03e42f1c3735be42d851f199144897ba"},
    {file = "coverage-7.4.0-cp38-cp38-musllinux_1_1_aarch64.whl", hash = "sha256:b8e99f06160602bc64da35158bb76c73522a4010f0649be44a4e167ff8555952"},
    {file = "coverage-7.4.0-cp38-cp38-musllinux_1_1_i686.whl", hash = "sha256:7d360587e64d006402b7116623cebf9d48893329ef035278969fa3bbf75b697e"},
    {file = "coverage-7.4.0-cp38-cp38-musllinux_1_1_x86_64.whl", hash = "sha256:29f3abe810930311c0b5d1a7140f6395369c3db1be68345638c33eec07535105"},
    {file = "coverage-7.4.0-cp38-cp38-win32.whl", hash = "sha256:5040148f4ec43644702e7b16ca864c5314ccb8ee0751ef617d49aa0e2d6bf4f2"},
    {file = "coverage-7.4.0-cp38-cp38-win_amd64.whl", hash = "sha256:9864463c1c2f9cb3b5db2cf1ff475eed2f0b4285c2aaf4d357b69959941aa555"},
    {file = "coverage-7.4.0-cp39-cp39-macosx_10_9_x86_64.whl", hash = "sha256:936d38794044b26c99d3dd004d8af0035ac535b92090f7f2bb5aa9c8e2f5cd42"},
    {file = "coverage-7.4.0-cp39-cp39-macosx_11_0_arm64.whl", hash = "sha256:799c8f873794a08cdf216aa5d0531c6a3747793b70c53f70e98259720a6fe2d7"},
    {file = "coverage-7.4.0-cp39-cp39-manylinux_2_17_aarch64.manylinux2014_aarch64.whl", hash = "sha256:e7defbb9737274023e2d7af02cac77043c86ce88a907c58f42b580a97d5bcca9"},
    {file = "coverage-7.4.0-cp39-cp39-manylinux_2_5_i686.manylinux1_i686.manylinux_2_17_i686.manylinux2014_i686.whl", hash = "sha256:a1526d265743fb49363974b7aa8d5899ff64ee07df47dd8d3e37dcc0818f09ed"},
    {file = "coverage-7.4.0-cp39-cp39-manylinux_2_5_x86_64.manylinux1_x86_64.manylinux_2_17_x86_64.manylinux2014_x86_64.whl", hash = "sha256:bf635a52fc1ea401baf88843ae8708591aa4adff875e5c23220de43b1ccf575c"},
    {file = "coverage-7.4.0-cp39-cp39-musllinux_1_1_aarch64.whl", hash = "sha256:756ded44f47f330666843b5781be126ab57bb57c22adbb07d83f6b519783b870"},
    {file = "coverage-7.4.0-cp39-cp39-musllinux_1_1_i686.whl", hash = "sha256:0eb3c2f32dabe3a4aaf6441dde94f35687224dfd7eb2a7f47f3fd9428e421058"},
    {file = "coverage-7.4.0-cp39-cp39-musllinux_1_1_x86_64.whl", hash = "sha256:bfd5db349d15c08311702611f3dccbef4b4e2ec148fcc636cf8739519b4a5c0f"},
    {file = "coverage-7.4.0-cp39-cp39-win32.whl", hash = "sha256:53d7d9158ee03956e0eadac38dfa1ec8068431ef8058fe6447043db1fb40d932"},
    {file = "coverage-7.4.0-cp39-cp39-win_amd64.whl", hash = "sha256:cfd2a8b6b0d8e66e944d47cdec2f47c48fef2ba2f2dff5a9a75757f64172857e"},
    {file = "coverage-7.4.0-pp38.pp39.pp310-none-any.whl", hash = "sha256:c530833afc4707fe48524a44844493f36d8727f04dcce91fb978c414a8556cc6"},
    {file = "coverage-7.4.0.tar.gz", hash = "sha256:707c0f58cb1712b8809ece32b68996ee1e609f71bd14615bd8f87a1293cb610e"},
]

[package.extras]
toml = ["tomli"]

[[package]]
name = "distlib"
version = "0.3.8"
description = "Distribution utilities"
optional = false
python-versions = "*"
files = [
    {file = "distlib-0.3.8-py2.py3-none-any.whl", hash = "sha256:034db59a0b96f8ca18035f36290806a9a6e6bd9d1ff91e45a7f172eb17e51784"},
    {file = "distlib-0.3.8.tar.gz", hash = "sha256:1530ea13e350031b6312d8580ddb6b27a104275a31106523b8f123787f494f64"},
]

[[package]]
name = "django"
version = "4.2.8"
description = "A high-level Python web framework that encourages rapid development and clean, pragmatic design."
optional = false
python-versions = ">=3.8"
files = [
    {file = "Django-4.2.8-py3-none-any.whl", hash = "sha256:6cb5dcea9e3d12c47834d32156b8841f533a4493c688e2718cafd51aa430ba6d"},
    {file = "Django-4.2.8.tar.gz", hash = "sha256:d69d5e36cc5d9f4eb4872be36c622878afcdce94062716cf3e25bcedcb168b62"},
]

[package.dependencies]
asgiref = ">=3.6.0,<4"
sqlparse = ">=0.3.1"
tzdata = {version = "*", markers = "sys_platform == \"win32\""}

[package.extras]
argon2 = ["argon2-cffi (>=19.1.0)"]
bcrypt = ["bcrypt"]

[[package]]
name = "faker"
version = "22.0.0"
description = "Faker is a Python package that generates fake data for you."
optional = false
python-versions = ">=3.8"
files = [
    {file = "Faker-22.0.0-py3-none-any.whl", hash = "sha256:9c22c0a734ca01c6e4f2259eab5dab9081905a9d67b27272aea5c9feeb5a3789"},
    {file = "Faker-22.0.0.tar.gz", hash = "sha256:1d5dc0a75da7bc40741ee4c84d99dc087b97bd086d4222ad06ac4dd2219bcf3f"},
]

[package.dependencies]
python-dateutil = ">=2.4"

[[package]]
name = "filelock"
version = "3.13.1"
description = "A platform independent file lock."
optional = false
python-versions = ">=3.8"
files = [
    {file = "filelock-3.13.1-py3-none-any.whl", hash = "sha256:57dbda9b35157b05fb3e58ee91448612eb674172fab98ee235ccb0b5bee19a1c"},
    {file = "filelock-3.13.1.tar.gz", hash = "sha256:521f5f56c50f8426f5e03ad3b281b490a87ef15bc6c526f168290f0c7148d44e"},
]

[package.extras]
docs = ["furo (>=2023.9.10)", "sphinx (>=7.2.6)", "sphinx-autodoc-typehints (>=1.24)"]
testing = ["covdefaults (>=2.3)", "coverage (>=7.3.2)", "diff-cover (>=8)", "pytest (>=7.4.3)", "pytest-cov (>=4.1)", "pytest-mock (>=3.12)", "pytest-timeout (>=2.2)"]
typing = ["typing-extensions (>=4.8)"]

[[package]]
name = "packaging"
version = "23.2"
description = "Core utilities for Python packages"
optional = false
python-versions = ">=3.7"
files = [
    {file = "packaging-23.2-py3-none-any.whl", hash = "sha256:8c491190033a9af7e1d931d0b5dacc2ef47509b34dd0de67ed209b5203fc88c7"},
    {file = "packaging-23.2.tar.gz", hash = "sha256:048fb0e9405036518eaaf48a55953c750c11e1a1b68e0dd1a9d62ed0c092cfc5"},
]

[[package]]
name = "platformdirs"
version = "4.1.0"
description = "A small Python package for determining appropriate platform-specific dirs, e.g. a \"user data dir\"."
optional = false
python-versions = ">=3.8"
files = [
    {file = "platformdirs-4.1.0-py3-none-any.whl", hash = "sha256:11c8f37bcca40db96d8144522d925583bdb7a31f7b0e37e3ed4318400a8e2380"},
    {file = "platformdirs-4.1.0.tar.gz", hash = "sha256:906d548203468492d432bcb294d4bc2fff751bf84971fbb2c10918cc206ee420"},
]

[package.extras]
docs = ["furo (>=2023.7.26)", "proselint (>=0.13)", "sphinx (>=7.1.1)", "sphinx-autodoc-typehints (>=1.24)"]
test = ["appdirs (==1.4.4)", "covdefaults (>=2.3)", "pytest (>=7.4)", "pytest-cov (>=4.1)", "pytest-mock (>=3.11.1)"]

[[package]]
name = "pluggy"
version = "1.3.0"
description = "plugin and hook calling mechanisms for python"
optional = false
python-versions = ">=3.8"
files = [
    {file = "pluggy-1.3.0-py3-none-any.whl", hash = "sha256:d89c696a773f8bd377d18e5ecda92b7a3793cbe66c87060a6fb58c7b6e1061f7"},
    {file = "pluggy-1.3.0.tar.gz", hash = "sha256:cf61ae8f126ac6f7c451172cf30e3e43d3ca77615509771b3a984a0730651e12"},
]

[package.extras]
dev = ["pre-commit", "tox"]
testing = ["pytest", "pytest-benchmark"]

[[package]]
name = "pyproject-api"
version = "1.6.1"
description = "API to interact with the python pyproject.toml based projects"
optional = false
python-versions = ">=3.8"
files = [
    {file = "pyproject_api-1.6.1-py3-none-any.whl", hash = "sha256:4c0116d60476b0786c88692cf4e325a9814965e2469c5998b830bba16b183675"},
    {file = "pyproject_api-1.6.1.tar.gz", hash = "sha256:1817dc018adc0d1ff9ca1ed8c60e1623d5aaca40814b953af14a9cf9a5cae538"},
]

[package.dependencies]
packaging = ">=23.1"
tomli = {version = ">=2.0.1", markers = "python_version < \"3.11\""}

[package.extras]
docs = ["furo (>=2023.8.19)", "sphinx (<7.2)", "sphinx-autodoc-typehints (>=1.24)"]
testing = ["covdefaults (>=2.3)", "pytest (>=7.4)", "pytest-cov (>=4.1)", "pytest-mock (>=3.11.1)", "setuptools (>=68.1.2)", "wheel (>=0.41.2)"]

[[package]]
name = "python-dateutil"
version = "2.8.2"
description = "Extensions to the standard Python datetime module"
optional = false
python-versions = "!=3.0.*,!=3.1.*,!=3.2.*,>=2.7"
files = [
    {file = "python-dateutil-2.8.2.tar.gz", hash = "sha256:0123cacc1627ae19ddf3c27a5de5bd67ee4586fbdd6440d9748f8abb483d3e86"},
    {file = "python_dateutil-2.8.2-py2.py3-none-any.whl", hash = "sha256:961d03dc3453ebbc59dbdea9e4e11c5651520a876d0f4db161e8674aae935da9"},
]

[package.dependencies]
six = ">=1.5"

[[package]]
name = "six"
version = "1.16.0"
description = "Python 2 and 3 compatibility utilities"
optional = false
python-versions = ">=2.7, !=3.0.*, !=3.1.*, !=3.2.*"
files = [
    {file = "six-1.16.0-py2.py3-none-any.whl", hash = "sha256:8abb2f1d86890a2dfb989f9a77cfcfd3e47c2a354b01111771326f8aa26e0254"},
    {file = "six-1.16.0.tar.gz", hash = "sha256:1e61c37477a1626458e36f7b1d82aa5c9b094fa4802892072e49de9c60c4c926"},
]

[[package]]
name = "sqlparse"
version = "0.4.4"
description = "A non-validating SQL parser."
optional = false
python-versions = ">=3.5"
files = [
    {file = "sqlparse-0.4.4-py3-none-any.whl", hash = "sha256:5430a4fe2ac7d0f93e66f1efc6e1338a41884b7ddf2a350cedd20ccc4d9d28f3"},
    {file = "sqlparse-0.4.4.tar.gz", hash = "sha256:d446183e84b8349fa3061f0fe7f06ca94ba65b426946ffebe6e3e8295332420c"},
]

[package.extras]
dev = ["build", "flake8"]
doc = ["sphinx"]
test = ["pytest", "pytest-cov"]

[[package]]
name = "tomli"
version = "2.0.1"
description = "A lil' TOML parser"
optional = false
python-versions = ">=3.7"
files = [
    {file = "tomli-2.0.1-py3-none-any.whl", hash = "sha256:939de3e7a6161af0c887ef91b7d41a53e7c5a1ca976325f429cb46ea9bc30ecc"},
    {file = "tomli-2.0.1.tar.gz", hash = "sha256:de526c12914f0c550d15924c62d72abc48d6fe7364aa87328337a31007fe8a4f"},
]

[[package]]
name = "tox"
version = "4.11.4"
description = "tox is a generic virtualenv management and test command line tool"
optional = false
python-versions = ">=3.8"
files = [
    {file = "tox-4.11.4-py3-none-any.whl", hash = "sha256:2adb83d68f27116812b69aa36676a8d6a52249cb0d173649de0e7d0c2e3e7229"},
    {file = "tox-4.11.4.tar.gz", hash = "sha256:73a7240778fabf305aeb05ab8ea26e575e042ab5a18d71d0ed13e343a51d6ce1"},
]

[package.dependencies]
cachetools = ">=5.3.1"
chardet = ">=5.2"
colorama = ">=0.4.6"
filelock = ">=3.12.3"
packaging = ">=23.1"
platformdirs = ">=3.10"
pluggy = ">=1.3"
pyproject-api = ">=1.6.1"
tomli = {version = ">=2.0.1", markers = "python_version < \"3.11\""}
virtualenv = ">=20.24.3"

[package.extras]
docs = ["furo (>=2023.8.19)", "sphinx (>=7.2.4)", "sphinx-argparse-cli (>=1.11.1)", "sphinx-autodoc-typehints (>=1.24)", "sphinx-copybutton (>=0.5.2)", "sphinx-inline-tabs (>=2023.4.21)", "sphinxcontrib-towncrier (>=0.2.1a0)", "towncrier (>=23.6)"]
testing = ["build[virtualenv] (>=0.10)", "covdefaults (>=2.3)", "detect-test-pollution (>=1.1.1)", "devpi-process (>=1)", "diff-cover (>=7.7)", "distlib (>=0.3.7)", "flaky (>=3.7)", "hatch-vcs (>=0.3)", "hatchling (>=1.18)", "psutil (>=5.9.5)", "pytest (>=7.4)", "pytest-cov (>=4.1)", "pytest-mock (>=3.11.1)", "pytest-xdist (>=3.3.1)", "re-assert (>=1.1)", "time-machine (>=2.12)", "wheel (>=0.41.2)"]

[[package]]
name = "typing-extensions"
version = "4.9.0"
description = "Backported and Experimental Type Hints for Python 3.8+"
optional = false
python-versions = ">=3.8"
files = [
    {file = "typing_extensions-4.9.0-py3-none-any.whl", hash = "sha256:af72aea155e91adfc61c3ae9e0e342dbc0cba726d6cba4b6c72c1f34e47291cd"},
    {file = "typing_extensions-4.9.0.tar.gz", hash = "sha256:23478f88c37f27d76ac8aee6c905017a143b0b1b886c3c9f66bc2fd94f9f5783"},
]

[[package]]
name = "tzdata"
version = "2023.4"
description = "Provider of IANA time zone data"
optional = false
python-versions = ">=2"
files = [
    {file = "tzdata-2023.4-py2.py3-none-any.whl", hash = "sha256:aa3ace4329eeacda5b7beb7ea08ece826c28d761cda36e747cfbf97996d39bf3"},
    {file = "tzdata-2023.4.tar.gz", hash = "sha256:dd54c94f294765522c77399649b4fefd95522479a664a0cec87f41bebc6148c9"},
]

[[package]]
name = "virtualenv"
version = "20.25.0"
description = "Virtual Python Environment builder"
optional = false
python-versions = ">=3.7"
files = [
    {file = "virtualenv-20.25.0-py3-none-any.whl", hash = "sha256:4238949c5ffe6876362d9c0180fc6c3a824a7b12b80604eeb8085f2ed7460de3"},
    {file = "virtualenv-20.25.0.tar.gz", hash = "sha256:bf51c0d9c7dd63ea8e44086fa1e4fb1093a31e963b86959257378aef020e1f1b"},
]

[package.dependencies]
distlib = ">=0.3.7,<1"
filelock = ">=3.12.2,<4"
platformdirs = ">=3.9.1,<5"

[package.extras]
docs = ["furo (>=2023.7.26)", "proselint (>=0.13)", "sphinx (>=7.1.2)", "sphinx-argparse (>=0.4)", "sphinxcontrib-towncrier (>=0.2.1a0)", "towncrier (>=23.6)"]
test = ["covdefaults (>=2.3)", "coverage (>=7.2.7)", "coverage-enable-subprocess (>=1)", "flaky (>=3.7)", "packaging (>=23.1)", "pytest (>=7.4)", "pytest-env (>=0.8.2)", "pytest-freezer (>=0.4.8)", "pytest-mock (>=3.11.1)", "pytest-randomly (>=3.12)", "pytest-timeout (>=2.1)", "setuptools (>=68)", "time-machine (>=2.10)"]

[metadata]
lock-version = "2.0"
python-versions = ">=3.9,<4.0"
content-hash = "10e466d25070a1adc916c870904d6209b7dd97b1b7adbf3b0c1661e881339a5c"
